
Microsoft Visual Studio Solution File, Format Version 12.00
# Visual Studio Version 17
VisualStudioVersion = 17.9.34728.123
MinimumVisualStudioVersion = 10.0.40219.1
Project("{9A19103F-16F7-4668-BE54-9A1E7A4F7556}") = "FinalProject", "FinalProject.csproj", "{60D271EB-C75F-45E0-BFA7-25B501A16470}"
EndProject
Project("{9A19103F-16F7-4668-BE54-9A1E7A4F7556}") = "ShadowVolume", "..\ShadowVolume\ShadowVolume.csproj", "{6A7187C6-DBBA-4182-8BB6-743E39EC114D}"
EndProject
Project("{9A19103F-16F7-4668-BE54-9A1E7A4F7556}") = "ShaderSampleDX", "..\MonoGame-Shader-Samples-tesselation_geometry\MonoGame-Shader-Samples-tesselation_geometry\ShaderSampleDX.csproj", "{2BD1786E-BB57-438A-B94D-9FA31499F3BB}"
EndProject
Global
	GlobalSection(SolutionConfigurationPlatforms) = preSolution
		Debug|Any CPU = Debug|Any CPU
		Release|Any CPU = Release|Any CPU
	EndGlobalSection
	GlobalSection(ProjectConfigurationPlatforms) = postSolution
		{60D271EB-C75F-45E0-BFA7-25B501A16470}.Debug|Any CPU.ActiveCfg = Debug|Any CPU
		{60D271EB-C75F-45E0-BFA7-25B501A16470}.Debug|Any CPU.Build.0 = Debug|Any CPU
		{60D271EB-C75F-45E0-BFA7-25B501A16470}.Release|Any CPU.ActiveCfg = Release|Any CPU
		{60D271EB-C75F-45E0-BFA7-25B501A16470}.Release|Any CPU.Build.0 = Release|Any CPU
		{6A7187C6-DBBA-4182-8BB6-743E39EC114D}.Debug|Any CPU.ActiveCfg = Debug|Any CPU
		{6A7187C6-DBBA-4182-8BB6-743E39EC114D}.Debug|Any CPU.Build.0 = Debug|Any CPU
		{6A7187C6-DBBA-4182-8BB6-743E39EC114D}.Release|Any CPU.ActiveCfg = Release|Any CPU
		{6A7187C6-DBBA-4182-8BB6-743E39EC114D}.Release|Any CPU.Build.0 = Release|Any CPU
		{2BD1786E-BB57-438A-B94D-9FA31499F3BB}.Debug|Any CPU.ActiveCfg = Debug|Any CPU
		{2BD1786E-BB57-438A-B94D-9FA31499F3BB}.Debug|Any CPU.Build.0 = Debug|Any CPU
		{2BD1786E-BB57-438A-B94D-9FA31499F3BB}.Release|Any CPU.ActiveCfg = Release|Any CPU
		{2BD1786E-BB57-438A-B94D-9FA31499F3BB}.Release|Any CPU.Build.0 = Release|Any CPU
	EndGlobalSection
	GlobalSection(SolutionProperties) = preSolution
		HideSolutionNode = FALSE
	EndGlobalSection
	GlobalSection(ExtensibilityGlobals) = postSolution
		SolutionGuid = {0D98C9BB-94F6-4199-9E57-F729235CBA38}
	EndGlobalSection
EndGlobal
